# @generated by Move, please check-in and do not edit manually.

[move]
version = 3
manifest_digest = "2089A0348F64C4C7F9D9BE1130A4E2C86B2289A380D36B229E1C399B33336148"
deps_digest = "F8BBB0CCB2491CA29A3DF03D6F92277A4F3574266507ACD77214D37ECA3F3082"
dependencies = [
  { id = "Sui", name = "Sui" },
]

[[move.package]]
id = "MoveStdlib"
source = { git = "https://github.com/MystenLabs/sui.git", rev = "framework/testnet", subdir = "crates/sui-framework/packages/move-stdlib" }

[[move.package]]
id = "Sui"
source = { git = "https://github.com/MystenLabs/sui.git", rev = "framework/testnet", subdir = "crates/sui-framework/packages/sui-framework" }

dependencies = [
  { id = "MoveStdlib", name = "MoveStdlib" },
]

[move.toolchain-version]
compiler-version = "1.45.1"
edition = "2024.beta"
flavor = "sui"

[env]

[env.testnet]
chain-id = "4c78adac"
original-published-id = "0x61a6d51871eedde7f727323d16d0a5419c42e85276147978b5c5ce05e79ccaf0"
latest-published-id = "0x61a6d51871eedde7f727323d16d0a5419c42e85276147978b5c5ce05e79ccaf0"
published-version = "1"
